
Microsoft Visual Studio Solution File, Format Version 12.00
# Visual Studio 15
Project("{FAE04EC0-301F-11D3-BF4B-00C04F79EFBC}") = "UnityEngine.TestRunner", "UnityEngine.TestRunner.csproj", "{6A817BB2-76F6-D90F-7C52-BD3CFD58FC7D}"
EndProject
Project("{FAE04EC0-301F-11D3-BF4B-00C04F79EFBC}") = "Unity.Postprocessing.Runtime", "Unity.Postprocessing.Runtime.csproj", "{C09A1041-AD4D-8964-527B-D36377C9C87D}"
EndProject
Project("{FAE04EC0-301F-11D3-BF4B-00C04F79EFBC}") = "com.unity.multiplayer-hlapi.Runtime", "com.unity.multiplayer-hlapi.Runtime.csproj", "{4AE6F276-ADA9-5615-5EE4-78CF13DD858B}"
EndProject
Project("{FAE04EC0-301F-11D3-BF4B-00C04F79EFBC}") = "Unity.TextMeshPro", "Unity.TextMeshPro.csproj", "{05A47AC7-D11B-697D-954E-2C21164EE0B1}"
EndProject
Project("{FAE04EC0-301F-11D3-BF4B-00C04F79EFBC}") = "Assembly-CSharp", "Assembly-CSharp.csproj", "{91E933F8-DFB8-F2A2-B984-353D986D47CB}"
EndProject
Project("{FAE04EC0-301F-11D3-BF4B-00C04F79EFBC}") = "Unity.Timeline", "Unity.Timeline.csproj", "{74776204-E71B-9836-5E09-F2CC04438B8A}"
EndProject
Project("{FAE04EC0-301F-11D3-BF4B-00C04F79EFBC}") = "Unity.Analytics.DataPrivacy", "Unity.Analytics.DataPrivacy.csproj", "{424431C3-28C0-62B1-8FB1-1DBC5F2EA3B4}"
EndProject
Project("{FAE04EC0-301F-11D3-BF4B-00C04F79EFBC}") = "UnityEngine.XR.LegacyInputHelpers", "UnityEngine.XR.LegacyInputHelpers.csproj", "{431C7D52-F002-C837-F457-B603894D95E0}"
EndProject
Project("{FAE04EC0-301F-11D3-BF4B-00C04F79EFBC}") = "UnityEngine.SpatialTracking", "UnityEngine.SpatialTracking.csproj", "{2011D07F-2D68-59C1-13A2-CE6AA9FA1C14}"
EndProject
Project("{FAE04EC0-301F-11D3-BF4B-00C04F79EFBC}") = "UnityEditor.TestRunner", "UnityEditor.TestRunner.csproj", "{AC067E87-44E7-16F0-E97E-8ECF108C0C26}"
EndProject
Project("{FAE04EC0-301F-11D3-BF4B-00C04F79EFBC}") = "Unity.VisualStudio.Editor", "Unity.VisualStudio.Editor.csproj", "{D25737C9-9F6F-F4F2-2015-71070A0FF844}"
EndProject
Project("{FAE04EC0-301F-11D3-BF4B-00C04F79EFBC}") = "Unity.TextMeshPro.Editor", "Unity.TextMeshPro.Editor.csproj", "{00E39DFF-33D7-5AF9-92CE-7D5DEC1381E9}"
EndProject
Project("{FAE04EC0-301F-11D3-BF4B-00C04F79EFBC}") = "Unity.Timeline.Editor", "Unity.Timeline.Editor.csproj", "{91E99D84-F161-6E90-6D68-270A0564ACC5}"
EndProject
Project("{FAE04EC0-301F-11D3-BF4B-00C04F79EFBC}") = "Unity.PlasticSCM.Editor", "Unity.PlasticSCM.Editor.csproj", "{0837CD42-D3E3-3221-D78A-7FC168C6F154}"
EndProject
Project("{FAE04EC0-301F-11D3-BF4B-00C04F79EFBC}") = "com.unity.multiplayer-hlapi.Editor", "com.unity.multiplayer-hlapi.Editor.csproj", "{54E1BD9E-1541-ADB2-3D2D-70B4BA4DFEA9}"
EndProject
Project("{FAE04EC0-301F-11D3-BF4B-00C04F79EFBC}") = "Unity.Rider.Editor", "Unity.Rider.Editor.csproj", "{9B9F4A7C-F0F8-697A-9210-67CD7303655E}"
EndProject
Project("{FAE04EC0-301F-11D3-BF4B-00C04F79EFBC}") = "UnityEditor.XR.LegacyInputHelpers", "UnityEditor.XR.LegacyInputHelpers.csproj", "{0FCDA4D3-F27A-37BD-3782-C63E4D9C0CEE}"
EndProject
Project("{FAE04EC0-301F-11D3-BF4B-00C04F79EFBC}") = "Unity.Postprocessing.Editor", "Unity.Postprocessing.Editor.csproj", "{B355F154-7DF2-0EE2-B0E6-BAAD92C899F1}"
EndProject
Project("{FAE04EC0-301F-11D3-BF4B-00C04F79EFBC}") = "Unity.CollabProxy.Editor", "Unity.CollabProxy.Editor.csproj", "{30FB1C8F-1A95-CC5B-1778-712FDD5BE700}"
EndProject
Project("{FAE04EC0-301F-11D3-BF4B-00C04F79EFBC}") = "Unity.VSCode.Editor", "Unity.VSCode.Editor.csproj", "{EFE67059-66C4-6332-3E3C-CCC80B2A0DD3}"
EndProject
Project("{FAE04EC0-301F-11D3-BF4B-00C04F79EFBC}") = "com.unity.multiplayer-weaver.Editor", "com.unity.multiplayer-weaver.Editor.csproj", "{63CF25CB-80D5-744C-C009-1A36AA9D324A}"
EndProject
Project("{FAE04EC0-301F-11D3-BF4B-00C04F79EFBC}") = "Assembly-CSharp-Editor", "Assembly-CSharp-Editor.csproj", "{CD2FD1F5-08A7-1DF1-8456-B3A9739C240E}"
EndProject
Project("{FAE04EC0-301F-11D3-BF4B-00C04F79EFBC}") = "UnityEditor.SpatialTracking", "UnityEditor.SpatialTracking.csproj", "{0174AE0D-A393-D7AB-FA46-2A8B08E2169C}"
EndProject
Project("{FAE04EC0-301F-11D3-BF4B-00C04F79EFBC}") = "UnityEngine.TestRunner", "UnityEngine.TestRunner.Player.csproj", "{1E3EA2A3-F418-B5B5-FF52-7A6CAD8EA233}"
EndProject
Project("{FAE04EC0-301F-11D3-BF4B-00C04F79EFBC}") = "Unity.Postprocessing.Runtime", "Unity.Postprocessing.Runtime.Player.csproj", "{2355269E-8D47-84DE-6C4B-C3BC3D9DF4D4}"
EndProject
Project("{FAE04EC0-301F-11D3-BF4B-00C04F79EFBC}") = "com.unity.multiplayer-hlapi.Runtime", "com.unity.multiplayer-hlapi.Runtime.Player.csproj", "{4A5C6596-EB39-53BC-63EE-D2356DA60947}"
EndProject
Project("{FAE04EC0-301F-11D3-BF4B-00C04F79EFBC}") = "Unity.TextMeshPro", "Unity.TextMeshPro.Player.csproj", "{338C64BB-2438-061E-8C87-0205C3856EBB}"
EndProject
Project("{FAE04EC0-301F-11D3-BF4B-00C04F79EFBC}") = "Assembly-CSharp", "Assembly-CSharp.Player.csproj", "{D8DB47A7-F9D2-0226-0A00-7BEC1C1A254D}"
EndProject
Project("{FAE04EC0-301F-11D3-BF4B-00C04F79EFBC}") = "Unity.Timeline", "Unity.Timeline.Player.csproj", "{CCA8D5CB-823B-DFF1-DF11-F93B50036E6A}"
EndProject
Project("{FAE04EC0-301F-11D3-BF4B-00C04F79EFBC}") = "Unity.Analytics.DataPrivacy", "Unity.Analytics.DataPrivacy.Player.csproj", "{E4867A81-360A-39EE-4F4B-59F79193FEF8}"
EndProject
Project("{FAE04EC0-301F-11D3-BF4B-00C04F79EFBC}") = "UnityEngine.XR.LegacyInputHelpers", "UnityEngine.XR.LegacyInputHelpers.Player.csproj", "{8C458380-793E-0BED-91F7-B95550E740CD}"
EndProject
Project("{FAE04EC0-301F-11D3-BF4B-00C04F79EFBC}") = "UnityEngine.SpatialTracking", "UnityEngine.SpatialTracking.Player.csproj", "{D25C93C0-2FDC-3D69-9F69-1F3F5390F227}"
EndProject
Global
	GlobalSection(SolutionConfigurationPlatforms) = preSolution
		Debug|Any CPU = Debug|Any CPU
		Release|Any CPU = Release|Any CPU
	EndGlobalSection
	GlobalSection(ProjectConfigurationPlatforms) = postSolution
		{6A817BB2-76F6-D90F-7C52-BD3CFD58FC7D}.Debug|Any CPU.ActiveCfg = Debug|Any CPU
		{6A817BB2-76F6-D90F-7C52-BD3CFD58FC7D}.Debug|Any CPU.Build.0 = Debug|Any CPU
		{6A817BB2-76F6-D90F-7C52-BD3CFD58FC7D}.Release|Any CPU.ActiveCfg = Release|Any CPU
		{6A817BB2-76F6-D90F-7C52-BD3CFD58FC7D}.Release|Any CPU.Build.0 = Release|Any CPU
		{C09A1041-AD4D-8964-527B-D36377C9C87D}.Debug|Any CPU.ActiveCfg = Debug|Any CPU
		{C09A1041-AD4D-8964-527B-D36377C9C87D}.Debug|Any CPU.Build.0 = Debug|Any CPU
		{C09A1041-AD4D-8964-527B-D36377C9C87D}.Release|Any CPU.ActiveCfg = Release|Any CPU
		{C09A1041-AD4D-8964-527B-D36377C9C87D}.Release|Any CPU.Build.0 = Release|Any CPU
		{4AE6F276-ADA9-5615-5EE4-78CF13DD858B}.Debug|Any CPU.ActiveCfg = Debug|Any CPU
		{4AE6F276-ADA9-5615-5EE4-78CF13DD858B}.Debug|Any CPU.Build.0 = Debug|Any CPU
		{4AE6F276-ADA9-5615-5EE4-78CF13DD858B}.Release|Any CPU.ActiveCfg = Release|Any CPU
		{4AE6F276-ADA9-5615-5EE4-78CF13DD858B}.Release|Any CPU.Build.0 = Release|Any CPU
		{05A47AC7-D11B-697D-954E-2C21164EE0B1}.Debug|Any CPU.ActiveCfg = Debug|Any CPU
		{05A47AC7-D11B-697D-954E-2C21164EE0B1}.Debug|Any CPU.Build.0 = Debug|Any CPU
		{05A47AC7-D11B-697D-954E-2C21164EE0B1}.Release|Any CPU.ActiveCfg = Release|Any CPU
		{05A47AC7-D11B-697D-954E-2C21164EE0B1}.Release|Any CPU.Build.0 = Release|Any CPU
		{91E933F8-DFB8-F2A2-B984-353D986D47CB}.Debug|Any CPU.ActiveCfg = Debug|Any CPU
		{91E933F8-DFB8-F2A2-B984-353D986D47CB}.Debug|Any CPU.Build.0 = Debug|Any CPU
		{91E933F8-DFB8-F2A2-B984-353D986D47CB}.Release|Any CPU.ActiveCfg = Release|Any CPU
		{91E933F8-DFB8-F2A2-B984-353D986D47CB}.Release|Any CPU.Build.0 = Release|Any CPU
		{74776204-E71B-9836-5E09-F2CC04438B8A}.Debug|Any CPU.ActiveCfg = Debug|Any CPU
		{74776204-E71B-9836-5E09-F2CC04438B8A}.Debug|Any CPU.Build.0 = Debug|Any CPU
		{74776204-E71B-9836-5E09-F2CC04438B8A}.Release|Any CPU.ActiveCfg = Release|Any CPU
		{74776204-E71B-9836-5E09-F2CC04438B8A}.Release|Any CPU.Build.0 = Release|Any CPU
		{424431C3-28C0-62B1-8FB1-1DBC5F2EA3B4}.Debug|Any CPU.ActiveCfg = Debug|Any CPU
		{424431C3-28C0-62B1-8FB1-1DBC5F2EA3B4}.Debug|Any CPU.Build.0 = Debug|Any CPU
		{424431C3-28C0-62B1-8FB1-1DBC5F2EA3B4}.Release|Any CPU.ActiveCfg = Release|Any CPU
		{424431C3-28C0-62B1-8FB1-1DBC5F2EA3B4}.Release|Any CPU.Build.0 = Release|Any CPU
		{431C7D52-F002-C837-F457-B603894D95E0}.Debug|Any CPU.ActiveCfg = Debug|Any CPU
		{431C7D52-F002-C837-F457-B603894D95E0}.Debug|Any CPU.Build.0 = Debug|Any CPU
		{431C7D52-F002-C837-F457-B603894D95E0}.Release|Any CPU.ActiveCfg = Release|Any CPU
		{431C7D52-F002-C837-F457-B603894D95E0}.Release|Any CPU.Build.0 = Release|Any CPU
		{2011D07F-2D68-59C1-13A2-CE6AA9FA1C14}.Debug|Any CPU.ActiveCfg = Debug|Any CPU
		{2011D07F-2D68-59C1-13A2-CE6AA9FA1C14}.Debug|Any CPU.Build.0 = Debug|Any CPU
		{2011D07F-2D68-59C1-13A2-CE6AA9FA1C14}.Release|Any CPU.ActiveCfg = Release|Any CPU
		{2011D07F-2D68-59C1-13A2-CE6AA9FA1C14}.Release|Any CPU.Build.0 = Release|Any CPU
		{AC067E87-44E7-16F0-E97E-8ECF108C0C26}.Debug|Any CPU.ActiveCfg = Debug|Any CPU
		{AC067E87-44E7-16F0-E97E-8ECF108C0C26}.Debug|Any CPU.Build.0 = Debug|Any CPU
		{AC067E87-44E7-16F0-E97E-8ECF108C0C26}.Release|Any CPU.ActiveCfg = Release|Any CPU
		{AC067E87-44E7-16F0-E97E-8ECF108C0C26}.Release|Any CPU.Build.0 = Release|Any CPU
		{D25737C9-9F6F-F4F2-2015-71070A0FF844}.Debug|Any CPU.ActiveCfg = Debug|Any CPU
		{D25737C9-9F6F-F4F2-2015-71070A0FF844}.Debug|Any CPU.Build.0 = Debug|Any CPU
		{D25737C9-9F6F-F4F2-2015-71070A0FF844}.Release|Any CPU.ActiveCfg = Release|Any CPU
		{D25737C9-9F6F-F4F2-2015-71070A0FF844}.Release|Any CPU.Build.0 = Release|Any CPU
		{00E39DFF-33D7-5AF9-92CE-7D5DEC1381E9}.Debug|Any CPU.ActiveCfg = Debug|Any CPU
		{00E39DFF-33D7-5AF9-92CE-7D5DEC1381E9}.Debug|Any CPU.Build.0 = Debug|Any CPU
		{00E39DFF-33D7-5AF9-92CE-7D5DEC1381E9}.Release|Any CPU.ActiveCfg = Release|Any CPU
		{00E39DFF-33D7-5AF9-92CE-7D5DEC1381E9}.Release|Any CPU.Build.0 = Release|Any CPU
		{91E99D84-F161-6E90-6D68-270A0564ACC5}.Debug|Any CPU.ActiveCfg = Debug|Any CPU
		{91E99D84-F161-6E90-6D68-270A0564ACC5}.Debug|Any CPU.Build.0 = Debug|Any CPU
		{91E99D84-F161-6E90-6D68-270A0564ACC5}.Release|Any CPU.ActiveCfg = Release|Any CPU
		{91E99D84-F161-6E90-6D68-270A0564ACC5}.Release|Any CPU.Build.0 = Release|Any CPU
		{0837CD42-D3E3-3221-D78A-7FC168C6F154}.Debug|Any CPU.ActiveCfg = Debug|Any CPU
		{0837CD42-D3E3-3221-D78A-7FC168C6F154}.Debug|Any CPU.Build.0 = Debug|Any CPU
		{0837CD42-D3E3-3221-D78A-7FC168C6F154}.Release|Any CPU.ActiveCfg = Release|Any CPU
		{0837CD42-D3E3-3221-D78A-7FC168C6F154}.Release|Any CPU.Build.0 = Release|Any CPU
		{54E1BD9E-1541-ADB2-3D2D-70B4BA4DFEA9}.Debug|Any CPU.ActiveCfg = Debug|Any CPU
		{54E1BD9E-1541-ADB2-3D2D-70B4BA4DFEA9}.Debug|Any CPU.Build.0 = Debug|Any CPU
		{54E1BD9E-1541-ADB2-3D2D-70B4BA4DFEA9}.Release|Any CPU.ActiveCfg = Release|Any CPU
		{54E1BD9E-1541-ADB2-3D2D-70B4BA4DFEA9}.Release|Any CPU.Build.0 = Release|Any CPU
		{9B9F4A7C-F0F8-697A-9210-67CD7303655E}.Debug|Any CPU.ActiveCfg = Debug|Any CPU
		{9B9F4A7C-F0F8-697A-9210-67CD7303655E}.Debug|Any CPU.Build.0 = Debug|Any CPU
		{9B9F4A7C-F0F8-697A-9210-67CD7303655E}.Release|Any CPU.ActiveCfg = Release|Any CPU
		{9B9F4A7C-F0F8-697A-9210-67CD7303655E}.Release|Any CPU.Build.0 = Release|Any CPU
		{0FCDA4D3-F27A-37BD-3782-C63E4D9C0CEE}.Debug|Any CPU.ActiveCfg = Debug|Any CPU
		{0FCDA4D3-F27A-37BD-3782-C63E4D9C0CEE}.Debug|Any CPU.Build.0 = Debug|Any CPU
		{0FCDA4D3-F27A-37BD-3782-C63E4D9C0CEE}.Release|Any CPU.ActiveCfg = Release|Any CPU
		{0FCDA4D3-F27A-37BD-3782-C63E4D9C0CEE}.Release|Any CPU.Build.0 = Release|Any CPU
		{B355F154-7DF2-0EE2-B0E6-BAAD92C899F1}.Debug|Any CPU.ActiveCfg = Debug|Any CPU
		{B355F154-7DF2-0EE2-B0E6-BAAD92C899F1}.Debug|Any CPU.Build.0 = Debug|Any CPU
		{B355F154-7DF2-0EE2-B0E6-BAAD92C899F1}.Release|Any CPU.ActiveCfg = Release|Any CPU
		{B355F154-7DF2-0EE2-B0E6-BAAD92C899F1}.Release|Any CPU.Build.0 = Release|Any CPU
		{30FB1C8F-1A95-CC5B-1778-712FDD5BE700}.Debug|Any CPU.ActiveCfg = Debug|Any CPU
		{30FB1C8F-1A95-CC5B-1778-712FDD5BE700}.Debug|Any CPU.Build.0 = Debug|Any CPU
		{30FB1C8F-1A95-CC5B-1778-712FDD5BE700}.Release|Any CPU.ActiveCfg = Release|Any CPU
		{30FB1C8F-1A95-CC5B-1778-712FDD5BE700}.Release|Any CPU.Build.0 = Release|Any CPU
		{EFE67059-66C4-6332-3E3C-CCC80B2A0DD3}.Debug|Any CPU.ActiveCfg = Debug|Any CPU
		{EFE67059-66C4-6332-3E3C-CCC80B2A0DD3}.Debug|Any CPU.Build.0 = Debug|Any CPU
		{EFE67059-66C4-6332-3E3C-CCC80B2A0DD3}.Release|Any CPU.ActiveCfg = Release|Any CPU
		{EFE67059-66C4-6332-3E3C-CCC80B2A0DD3}.Release|Any CPU.Build.0 = Release|Any CPU
		{63CF25CB-80D5-744C-C009-1A36AA9D324A}.Debug|Any CPU.ActiveCfg = Debug|Any CPU
		{63CF25CB-80D5-744C-C009-1A36AA9D324A}.Debug|Any CPU.Build.0 = Debug|Any CPU
		{63CF25CB-80D5-744C-C009-1A36AA9D324A}.Release|Any CPU.ActiveCfg = Release|Any CPU
		{63CF25CB-80D5-744C-C009-1A36AA9D324A}.Release|Any CPU.Build.0 = Release|Any CPU
		{CD2FD1F5-08A7-1DF1-8456-B3A9739C240E}.Debug|Any CPU.ActiveCfg = Debug|Any CPU
		{CD2FD1F5-08A7-1DF1-8456-B3A9739C240E}.Debug|Any CPU.Build.0 = Debug|Any CPU
		{CD2FD1F5-08A7-1DF1-8456-B3A9739C240E}.Release|Any CPU.ActiveCfg = Release|Any CPU
		{CD2FD1F5-08A7-1DF1-8456-B3A9739C240E}.Release|Any CPU.Build.0 = Release|Any CPU
		{0174AE0D-A393-D7AB-FA46-2A8B08E2169C}.Debug|Any CPU.ActiveCfg = Debug|Any CPU
		{0174AE0D-A393-D7AB-FA46-2A8B08E2169C}.Debug|Any CPU.Build.0 = Debug|Any CPU
		{0174AE0D-A393-D7AB-FA46-2A8B08E2169C}.Release|Any CPU.ActiveCfg = Release|Any CPU
		{0174AE0D-A393-D7AB-FA46-2A8B08E2169C}.Release|Any CPU.Build.0 = Release|Any CPU
		{1E3EA2A3-F418-B5B5-FF52-7A6CAD8EA233}.Debug|Any CPU.ActiveCfg = Debug|Any CPU
		{1E3EA2A3-F418-B5B5-FF52-7A6CAD8EA233}.Debug|Any CPU.Build.0 = Debug|Any CPU
		{1E3EA2A3-F418-B5B5-FF52-7A6CAD8EA233}.Release|Any CPU.ActiveCfg = Release|Any CPU
		{1E3EA2A3-F418-B5B5-FF52-7A6CAD8EA233}.Release|Any CPU.Build.0 = Release|Any CPU
		{2355269E-8D47-84DE-6C4B-C3BC3D9DF4D4}.Debug|Any CPU.ActiveCfg = Debug|Any CPU
		{2355269E-8D47-84DE-6C4B-C3BC3D9DF4D4}.Debug|Any CPU.Build.0 = Debug|Any CPU
		{2355269E-8D47-84DE-6C4B-C3BC3D9DF4D4}.Release|Any CPU.ActiveCfg = Release|Any CPU
		{2355269E-8D47-84DE-6C4B-C3BC3D9DF4D4}.Release|Any CPU.Build.0 = Release|Any CPU
		{4A5C6596-EB39-53BC-63EE-D2356DA60947}.Debug|Any CPU.ActiveCfg = Debug|Any CPU
		{4A5C6596-EB39-53BC-63EE-D2356DA60947}.Debug|Any CPU.Build.0 = Debug|Any CPU
		{4A5C6596-EB39-53BC-63EE-D2356DA60947}.Release|Any CPU.ActiveCfg = Release|Any CPU
		{4A5C6596-EB39-53BC-63EE-D2356DA60947}.Release|Any CPU.Build.0 = Release|Any CPU
		{338C64BB-2438-061E-8C87-0205C3856EBB}.Debug|Any CPU.ActiveCfg = Debug|Any CPU
		{338C64BB-2438-061E-8C87-0205C3856EBB}.Debug|Any CPU.Build.0 = Debug|Any CPU
		{338C64BB-2438-061E-8C87-0205C3856EBB}.Release|Any CPU.ActiveCfg = Release|Any CPU
		{338C64BB-2438-061E-8C87-0205C3856EBB}.Release|Any CPU.Build.0 = Release|Any CPU
		{D8DB47A7-F9D2-0226-0A00-7BEC1C1A254D}.Debug|Any CPU.ActiveCfg = Debug|Any CPU
		{D8DB47A7-F9D2-0226-0A00-7BEC1C1A254D}.Debug|Any CPU.Build.0 = Debug|Any CPU
		{D8DB47A7-F9D2-0226-0A00-7BEC1C1A254D}.Release|Any CPU.ActiveCfg = Release|Any CPU
		{D8DB47A7-F9D2-0226-0A00-7BEC1C1A254D}.Release|Any CPU.Build.0 = Release|Any CPU
		{CCA8D5CB-823B-DFF1-DF11-F93B50036E6A}.Debug|Any CPU.ActiveCfg = Debug|Any CPU
		{CCA8D5CB-823B-DFF1-DF11-F93B50036E6A}.Debug|Any CPU.Build.0 = Debug|Any CPU
		{CCA8D5CB-823B-DFF1-DF11-F93B50036E6A}.Release|Any CPU.ActiveCfg = Release|Any CPU
		{CCA8D5CB-823B-DFF1-DF11-F93B50036E6A}.Release|Any CPU.Build.0 = Release|Any CPU
		{E4867A81-360A-39EE-4F4B-59F79193FEF8}.Debug|Any CPU.ActiveCfg = Debug|Any CPU
		{E4867A81-360A-39EE-4F4B-59F79193FEF8}.Debug|Any CPU.Build.0 = Debug|Any CPU
		{E4867A81-360A-39EE-4F4B-59F79193FEF8}.Release|Any CPU.ActiveCfg = Release|Any CPU
		{E4867A81-360A-39EE-4F4B-59F79193FEF8}.Release|Any CPU.Build.0 = Release|Any CPU
		{8C458380-793E-0BED-91F7-B95550E740CD}.Debug|Any CPU.ActiveCfg = Debug|Any CPU
		{8C458380-793E-0BED-91F7-B95550E740CD}.Debug|Any CPU.Build.0 = Debug|Any CPU
		{8C458380-793E-0BED-91F7-B95550E740CD}.Release|Any CPU.ActiveCfg = Release|Any CPU
		{8C458380-793E-0BED-91F7-B95550E740CD}.Release|Any CPU.Build.0 = Release|Any CPU
		{D25C93C0-2FDC-3D69-9F69-1F3F5390F227}.Debug|Any CPU.ActiveCfg = Debug|Any CPU
		{D25C93C0-2FDC-3D69-9F69-1F3F5390F227}.Debug|Any CPU.Build.0 = Debug|Any CPU
		{D25C93C0-2FDC-3D69-9F69-1F3F5390F227}.Release|Any CPU.ActiveCfg = Release|Any CPU
		{D25C93C0-2FDC-3D69-9F69-1F3F5390F227}.Release|Any CPU.Build.0 = Release|Any CPU
	EndGlobalSection
	GlobalSection(SolutionProperties) = preSolution
		HideSolutionNode = FALSE
	EndGlobalSection
EndGlobal
